<?xml version="1.0" encoding="utf-8"?>
<Project ToolsVersion="17.0" xmlns="http://schemas.microsoft.com/developer/msbuild/2003">
  <ItemGroup>
    <CustomBuild Include="E:\007Launcher\src-tauri\0xoLemonCoreNative\.deps\protobuf-subbuild\CMakeFiles\ae8021d9b87c5f46f433a4c298e3ae88\generate.stamp.rule">
      <Filter>CMake Rules</Filter>
    </CustomBuild>
  </ItemGroup>
  <ItemGroup>
    <Filter Include="CMake Rules">
      <UniqueIdentifier>{B320C06E-6AC5-332C-9392-4CB7BD7683D5}</UniqueIdentifier>
    </Filter>
  </ItemGroup>
</Project>
