<?xml version="1.0" encoding="utf-8"?>
<Project ToolsVersion="17.0" xmlns="http://schemas.microsoft.com/developer/msbuild/2003">
  <ItemGroup>
    <CustomBuild Include="E:\007Launcher\native\.deps\spdlog-subbuild\CMakeFiles\86119845cc85b18de454491ddbc8c255\spdlog-populate-mkdir.rule">
      <Filter>CMake Rules</Filter>
    </CustomBuild>
    <CustomBuild Include="E:\007Launcher\native\.deps\spdlog-subbuild\CMakeFiles\86119845cc85b18de454491ddbc8c255\spdlog-populate-download.rule">
      <Filter>CMake Rules</Filter>
    </CustomBuild>
    <CustomBuild Include="E:\007Launcher\native\.deps\spdlog-subbuild\CMakeFiles\86119845cc85b18de454491ddbc8c255\spdlog-populate-update_disconnected.rule">
      <Filter>CMake Rules</Filter>
    </CustomBuild>
    <CustomBuild Include="E:\007Launcher\native\.deps\spdlog-subbuild\CMakeFiles\86119845cc85b18de454491ddbc8c255\spdlog-populate-patch_disconnected.rule">
      <Filter>CMake Rules</Filter>
    </CustomBuild>
    <CustomBuild Include="E:\007Launcher\native\.deps\spdlog-subbuild\CMakeFiles\86119845cc85b18de454491ddbc8c255\spdlog-populate-configure.rule">
      <Filter>CMake Rules</Filter>
    </CustomBuild>
    <CustomBuild Include="E:\007Launcher\native\.deps\spdlog-subbuild\CMakeFiles\86119845cc85b18de454491ddbc8c255\spdlog-populate-build.rule">
      <Filter>CMake Rules</Filter>
    </CustomBuild>
    <CustomBuild Include="E:\007Launcher\native\.deps\spdlog-subbuild\CMakeFiles\86119845cc85b18de454491ddbc8c255\spdlog-populate-install.rule">
      <Filter>CMake Rules</Filter>
    </CustomBuild>
    <CustomBuild Include="E:\007Launcher\native\.deps\spdlog-subbuild\CMakeFiles\86119845cc85b18de454491ddbc8c255\spdlog-populate-test.rule">
      <Filter>CMake Rules</Filter>
    </CustomBuild>
    <CustomBuild Include="E:\007Launcher\native\.deps\spdlog-subbuild\CMakeFiles\f5ab34726966281b775a85bbe84f68c7\spdlog-populate-complete.rule">
      <Filter>CMake Rules</Filter>
    </CustomBuild>
    <CustomBuild Include="E:\007Launcher\native\.deps\spdlog-subbuild\CMakeFiles\5674862b1211e706dabc416c01d2afd4\spdlog-populate.rule">
      <Filter>CMake Rules</Filter>
    </CustomBuild>
    <CustomBuild Include="E:\007Launcher\native\.deps\spdlog-subbuild\CMakeLists.txt" />
  </ItemGroup>
  <ItemGroup>
    <None Include="E:\007Launcher\native\.deps\spdlog-subbuild\CMakeFiles\spdlog-populate" />
  </ItemGroup>
  <ItemGroup>
    <Filter Include="CMake Rules">
      <UniqueIdentifier>{54179466-8384-3866-A71A-A9CADEDB71C3}</UniqueIdentifier>
    </Filter>
  </ItemGroup>
</Project>
