<?xml version="1.0" encoding="utf-8"?>
<Project ToolsVersion="17.0" xmlns="http://schemas.microsoft.com/developer/msbuild/2003">
  <ItemGroup>
    <CustomBuild Include="E:\007Launcher\src-tauri\0xoLemonCoreNative\.deps\tomlplusplus-subbuild\CMakeFiles\1f090e3509f96582e3e8586309fc020a\generate.stamp.rule">
      <Filter>CMake Rules</Filter>
    </CustomBuild>
  </ItemGroup>
  <ItemGroup>
    <Filter Include="CMake Rules">
      <UniqueIdentifier>{CDFB9B8B-E073-3DD3-A5A7-1957A39C7D59}</UniqueIdentifier>
    </Filter>
  </ItemGroup>
</Project>
